
Microsoft Visual Studio Solution File, Format Version 12.00
# Visual Studio Version 16
VisualStudioVersion = 16.0.28315.86
MinimumVisualStudioVersion = 10.0.40219.1
Project("{9A19103F-16F7-4668-BE54-9A1E7A4F7556}") = "Guandian", "Guandian\Guandian.csproj", "{1B046EA5-26CF-49E3-BB09-B72D6DD2B570}"
EndProject
Project("{9A19103F-16F7-4668-BE54-9A1E7A4F7556}") = "BingNewsFunction", "FunctionApp1\BingNewsFunction.csproj", "{2B6F5F1F-F8A4-4CA7-97B5-5EF68E7BF01E}"
EndProject
Project("{9A19103F-16F7-4668-BE54-9A1E7A4F7556}") = "MSBlogsFunction", "MSBlogsFunction\MSBlogsFunction.csproj", "{462B318F-A9DD-4923-899A-C6DEB9302C21}"
EndProject
Project("{9A19103F-16F7-4668-BE54-9A1E7A4F7556}") = "MetaWeblog", "MetaWeblog\MetaWeblog.csproj", "{2091AD77-BA56-4717-A7B8-C8E10670D696}"
EndProject
Project("{9A19103F-16F7-4668-BE54-9A1E7A4F7556}") = "PushService", "PushService\PushService.csproj", "{F640A42F-C954-45F4-B30B-FBA7D39F3CF8}"
EndProject
Project("{9A19103F-16F7-4668-BE54-9A1E7A4F7556}") = "Test", "Test\Test.csproj", "{71E474B9-6208-4083-91D0-205A1AFA0017}"
EndProject
Global
	GlobalSection(SolutionConfigurationPlatforms) = preSolution
		Debug|Any CPU = Debug|Any CPU
		Release|Any CPU = Release|Any CPU
	EndGlobalSection
	GlobalSection(ProjectConfigurationPlatforms) = postSolution
		{1B046EA5-26CF-49E3-BB09-B72D6DD2B570}.Debug|Any CPU.ActiveCfg = Debug|Any CPU
		{1B046EA5-26CF-49E3-BB09-B72D6DD2B570}.Debug|Any CPU.Build.0 = Debug|Any CPU
		{1B046EA5-26CF-49E3-BB09-B72D6DD2B570}.Release|Any CPU.ActiveCfg = Release|Any CPU
		{1B046EA5-26CF-49E3-BB09-B72D6DD2B570}.Release|Any CPU.Build.0 = Release|Any CPU
		{2B6F5F1F-F8A4-4CA7-97B5-5EF68E7BF01E}.Debug|Any CPU.ActiveCfg = Debug|Any CPU
		{2B6F5F1F-F8A4-4CA7-97B5-5EF68E7BF01E}.Debug|Any CPU.Build.0 = Debug|Any CPU
		{2B6F5F1F-F8A4-4CA7-97B5-5EF68E7BF01E}.Release|Any CPU.ActiveCfg = Release|Any CPU
		{2B6F5F1F-F8A4-4CA7-97B5-5EF68E7BF01E}.Release|Any CPU.Build.0 = Release|Any CPU
		{462B318F-A9DD-4923-899A-C6DEB9302C21}.Debug|Any CPU.ActiveCfg = Debug|Any CPU
		{462B318F-A9DD-4923-899A-C6DEB9302C21}.Debug|Any CPU.Build.0 = Debug|Any CPU
		{462B318F-A9DD-4923-899A-C6DEB9302C21}.Release|Any CPU.ActiveCfg = Release|Any CPU
		{462B318F-A9DD-4923-899A-C6DEB9302C21}.Release|Any CPU.Build.0 = Release|Any CPU
		{2091AD77-BA56-4717-A7B8-C8E10670D696}.Debug|Any CPU.ActiveCfg = Debug|Any CPU
		{2091AD77-BA56-4717-A7B8-C8E10670D696}.Debug|Any CPU.Build.0 = Debug|Any CPU
		{2091AD77-BA56-4717-A7B8-C8E10670D696}.Release|Any CPU.ActiveCfg = Release|Any CPU
		{2091AD77-BA56-4717-A7B8-C8E10670D696}.Release|Any CPU.Build.0 = Release|Any CPU
		{F640A42F-C954-45F4-B30B-FBA7D39F3CF8}.Debug|Any CPU.ActiveCfg = Debug|Any CPU
		{F640A42F-C954-45F4-B30B-FBA7D39F3CF8}.Debug|Any CPU.Build.0 = Debug|Any CPU
		{F640A42F-C954-45F4-B30B-FBA7D39F3CF8}.Release|Any CPU.ActiveCfg = Release|Any CPU
		{F640A42F-C954-45F4-B30B-FBA7D39F3CF8}.Release|Any CPU.Build.0 = Release|Any CPU
		{71E474B9-6208-4083-91D0-205A1AFA0017}.Debug|Any CPU.ActiveCfg = Debug|Any CPU
		{71E474B9-6208-4083-91D0-205A1AFA0017}.Debug|Any CPU.Build.0 = Debug|Any CPU
		{71E474B9-6208-4083-91D0-205A1AFA0017}.Release|Any CPU.ActiveCfg = Release|Any CPU
		{71E474B9-6208-4083-91D0-205A1AFA0017}.Release|Any CPU.Build.0 = Release|Any CPU
	EndGlobalSection
	GlobalSection(SolutionProperties) = preSolution
		HideSolutionNode = FALSE
	EndGlobalSection
	GlobalSection(ExtensibilityGlobals) = postSolution
		SolutionGuid = {57B7D57F-1704-4C30-AD84-E7343729AEAF}
	EndGlobalSection
EndGlobal
